
Microsoft Visual Studio Solution File, Format Version 12.00
# Visual Studio Version 16
VisualStudioVersion = 16.0.31424.327
MinimumVisualStudioVersion = 10.0.40219.1
Project("{FAE04EC0-301F-11D3-BF4B-00C04F79EFBC}") = "tankfight", "tankfight.csproj", "{694302DA-0012-443D-A2A9-643765513E4F}"
EndProject
Global
	GlobalSection(SolutionConfigurationPlatforms) = preSolution
		Debug|Any CPU = Debug|Any CPU
		Release|Any CPU = Release|Any CPU
	EndGlobalSection
	GlobalSection(ProjectConfigurationPlatforms) = postSolution
		{694302DA-0012-443D-A2A9-643765513E4F}.Debug|Any CPU.ActiveCfg = Debug|Any CPU
		{694302DA-0012-443D-A2A9-643765513E4F}.Debug|Any CPU.Build.0 = Debug|Any CPU
		{694302DA-0012-443D-A2A9-643765513E4F}.Release|Any CPU.ActiveCfg = Release|Any CPU
		{694302DA-0012-443D-A2A9-643765513E4F}.Release|Any CPU.Build.0 = Release|Any CPU
	EndGlobalSection
	GlobalSection(SolutionProperties) = preSolution
		HideSolutionNode = FALSE
	EndGlobalSection
	GlobalSection(ExtensibilityGlobals) = postSolution
		SolutionGuid = {83838A3A-6830-40CD-9EA6-C37C1FB1C0CB}
	EndGlobalSection
EndGlobal
